// !$*UTF8*$!
{
	archiveVersion = 1;
	classes = {
	};
	objectVersion = 56;
	objects = {

/* Begin PBXBuildFile section */
		E36C0D359DE948BC8AD857E8 /* LightCamApp.swift in Sources */ = {isa = PBXBuildFile; fileRef = 95CD8E2BDF284E97AD8DF0BD; };
		5FFD9A7BB7E1488983B368B3 /* ContentView.swift in Sources */ = {isa = PBXBuildFile; fileRef = D494C275E2994F22A899CF8A; };
		CF5CD8592B7541C485EDA64D /* index.html in Resources */ = {isa = PBXBuildFile; fileRef = 8662946204E94EE5A0FDE72D; };
		A7CFBE2A6EAE45889B5F41B5 /* Assets.xcassets in Resources */ = {isa = PBXBuildFile; fileRef = F26391DDB3444A0388A749D8; };
/* End PBXBuildFile section */

/* Begin PBXFileReference section */
		95CD8E2BDF284E97AD8DF0BD /* LightCamApp.swift */ = {isa = PBXFileReference; lastKnownFileType = sourcecode.swift; path = LightCamApp.swift; sourceTree = "<group>"; };
		D494C275E2994F22A899CF8A /* ContentView.swift */ = {isa = PBXFileReference; lastKnownFileType = sourcecode.swift; path = ContentView.swift; sourceTree = "<group>"; };
		8662946204E94EE5A0FDE72D /* index.html */ = {isa = PBXFileReference; lastKnownFileType = text.html; path = index.html; sourceTree = "<group>"; };
		EF98BDC838D942DFA16DCCE1 /* Info.plist */ = {isa = PBXFileReference; lastKnownFileType = text.plist.xml; path = Info.plist; sourceTree = "<group>"; };
		F26391DDB3444A0388A749D8 /* Assets.xcassets */ = {isa = PBXFileReference; lastKnownFileType = folder.assetcatalog; path = Assets.xcassets; sourceTree = "<group>"; };
		B826C4FDDF9D4161BAA957C3 /* LightCam.app */ = {isa = PBXFileReference; explicitFileType = wrapper.application; includeInIndex = 0; path = LightCam.app; sourceTree = BUILT_PRODUCTS_DIR; };
/* End PBXFileReference section */

/* Begin PBXGroup section */
		3017900FE3644C03B9135E1B = {
			isa = PBXGroup;
			children = (
				A70C19AA35474AED8778A640 /* LightCam */,
				EBD7ED059C824D00A11F2E6B /* Products */,
			);
			sourceTree = "<group>";
		};
		A70C19AA35474AED8778A640 /* LightCam */ = {
			isa = PBXGroup;
			children = (
				95CD8E2BDF284E97AD8DF0BD /* LightCamApp.swift */,
				D494C275E2994F22A899CF8A /* ContentView.swift */,
				8662946204E94EE5A0FDE72D /* index.html */,
				EF98BDC838D942DFA16DCCE1 /* Info.plist */,
				F26391DDB3444A0388A749D8 /* Assets.xcassets */,
			);
			path = LightCam;
			sourceTree = "<group>";
		};
		EBD7ED059C824D00A11F2E6B /* Products */ = {
			isa = PBXGroup;
			children = (
				B826C4FDDF9D4161BAA957C3 /* LightCam.app */,
			);
			name = Products;
			sourceTree = "<group>";
		};
/* End PBXGroup section */

/* Begin PBXNativeTarget section */
		26CF2FD3B10D473DA735E291 /* LightCam */ = {
			isa = PBXNativeTarget;
			buildConfigurationList = 8BCD84B6DF564E8CAE4A1615;
			buildPhases = (
				0788FF65809F441499E52FE1 /* Sources */,
				84ADFCBFF86D4438B4B08C62 /* Frameworks */,
				075B3E55AF2E439992F1BD4F /* Resources */,
			);
			buildRules = (
			);
			dependencies = (
			);
			name = LightCam;
			packageProductDependencies = (
				E50000000000000000000002 /* SimulatorCameraClient */,
			);
			productName = LightCam;
			productReference = B826C4FDDF9D4161BAA957C3;
			productType = "com.apple.product-type.application";
		};
/* End PBXNativeTarget section */

/* Begin PBXProject section */
		D07B12360F6B449184BF28FB /* Project object */ = {
			isa = PBXProject;
			attributes = {
				BuildIndependentTargetsInParallel = 1;
				LastSwiftUpdateCheck = 2650;
				LastUpgradeCheck = 2650;
			};
			buildConfigurationList = D7E6CDB33A4A483A8AA91DE2;
			compatibilityVersion = "Xcode 14.0";
			developmentRegion = "zh-Hans";
			hasScannedForEncodings = 0;
			knownRegions = (
				en,
				"zh-Hans",
			);
			mainGroup = 3017900FE3644C03B9135E1B;
			packageReferences = (
				E50000000000000000000001 /* XCRemoteSwiftPackageReference "SimulatorCamera" */,
			);
			productRefGroup = EBD7ED059C824D00A11F2E6B;
			projectDirPath = "";
			projectRoot = "";
			targets = (
				26CF2FD3B10D473DA735E291 /* LightCam */,
			);
		};
/* End PBXProject section */

/* Begin PBXResourcesBuildPhase section */
		075B3E55AF2E439992F1BD4F /* Resources */ = {
			isa = PBXResourcesBuildPhase;
			buildActionMask = 2147483647;
			files = (
				CF5CD8592B7541C485EDA64D /* index.html in Resources */,
				A7CFBE2A6EAE45889B5F41B5 /* Assets.xcassets in Resources */,
			);
			runOnlyForDeploymentPostprocessing = 0;
		};
/* End PBXResourcesBuildPhase section */

/* Begin PBXSourcesBuildPhase section */
		0788FF65809F441499E52FE1 /* Sources */ = {
			isa = PBXSourcesBuildPhase;
			buildActionMask = 2147483647;
			files = (
				E36C0D359DE948BC8AD857E8 /* LightCamApp.swift in Sources */,
				5FFD9A7BB7E1488983B368B3 /* ContentView.swift in Sources */,
			);
			runOnlyForDeploymentPostprocessing = 0;
		};
/* End PBXSourcesBuildPhase section */

/* Begin PBXFrameworksBuildPhase section */
		84ADFCBFF86D4438B4B08C62 /* Frameworks */ = {
			isa = PBXFrameworksBuildPhase;
			buildActionMask = 2147483647;
			files = (
			);
			runOnlyForDeploymentPostprocessing = 0;
		};
/* End PBXFrameworksBuildPhase section */

/* Begin XCBuildConfiguration section */
		28CAEAFBA1334F8DB5392A5A /* Debug */ = {
			isa = XCBuildConfiguration;
			buildSettings = {
				ALWAYS_SEARCH_USER_PATHS = NO;
				ASSETCATALOG_COMPILER_GENERATE_SWIFT_ASSET_SYMBOL_EXTENSIONS = YES;
				CLANG_ANALYZER_NONNULL = YES;
				CLANG_CXX_LANGUAGE_STANDARD = "gnu++20";
				CLANG_ENABLE_MODULES = YES;
				CLANG_ENABLE_OBJC_ARC = YES;
				COPY_PHASE_STRIP = NO;
				DEBUG_INFORMATION_FORMAT = dwarf;
				ENABLE_STRICT_OBJC_MSGSEND = YES;
				ENABLE_TESTABILITY = YES;
				GCC_DYNAMIC_NO_PIC = NO;
				GCC_OPTIMIZATION_LEVEL = 0;
				IPHONEOS_DEPLOYMENT_TARGET = 15.0;
				MTL_ENABLE_DEBUG_INFO = INCLUDE_SOURCE;
				ONLY_ACTIVE_ARCH = YES;
				SDKROOT = iphoneos;
				SWIFT_ACTIVE_COMPILATION_CONDITIONS = "DEBUG $(inherited)";
				SWIFT_OPTIMIZATION_LEVEL = "-Onone";
			};
			name = Debug;
		};
		FD88B6CE176943E5B0F341EA /* Release */ = {
			isa = XCBuildConfiguration;
			buildSettings = {
				ALWAYS_SEARCH_USER_PATHS = NO;
				ASSETCATALOG_COMPILER_GENERATE_SWIFT_ASSET_SYMBOL_EXTENSIONS = YES;
				CLANG_ANALYZER_NONNULL = YES;
				CLANG_CXX_LANGUAGE_STANDARD = "gnu++20";
				CLANG_ENABLE_MODULES = YES;
				CLANG_ENABLE_OBJC_ARC = YES;
				COPY_PHASE_STRIP = NO;
				DEBUG_INFORMATION_FORMAT = "dwarf-with-dsym";
				ENABLE_NS_ASSERTIONS = NO;
				ENABLE_STRICT_OBJC_MSGSEND = YES;
				GCC_OPTIMIZATION_LEVEL = s;
				IPHONEOS_DEPLOYMENT_TARGET = 15.0;
				MTL_ENABLE_DEBUG_INFO = NO;
				SDKROOT = iphoneos;
				SWIFT_COMPILATION_MODE = wholemodule;
				SWIFT_OPTIMIZATION_LEVEL = "-O";
				VALIDATE_PRODUCT = YES;
			};
			name = Release;
		};
		2470EB82FAE942DA8252EE3E /* Debug */ = {
			isa = XCBuildConfiguration;
			buildSettings = {
				ASSETCATALOG_COMPILER_APPICON_NAME = AppIcon;
				CODE_SIGN_IDENTITY = "-";
				CODE_SIGN_STYLE = Manual;
				PROVISIONING_PROFILE_SPECIFIER = "";
				DEVELOPMENT_TEAM = "";
				CURRENT_PROJECT_VERSION = 1;
				INFOPLIST_FILE = LightCam/Info.plist;
				INFOPLIST_KEY_CFBundleDisplayName = "补光相机";
				INFOPLIST_KEY_NSCameraUsageDescription = "需要访问相机进行拍照";
				INFOPLIST_KEY_NSPhotoLibraryAddUsageDescription = "需要保存照片到您的相册";
				INFOPLIST_KEY_UIApplicationSceneManifest_Generation = YES;
				INFOPLIST_KEY_UIApplicationSupportsIndirectInputEvents = YES;
				INFOPLIST_KEY_UILaunchScreen_Generation = YES;
				INFOPLIST_KEY_UISupportedInterfaceOrientations = UIInterfaceOrientationPortrait;
				IPHONEOS_DEPLOYMENT_TARGET = 15.0;
				LD_RUNPATH_SEARCH_PATHS = (
					"$(inherited)",
					"@executable_path/Frameworks",
				);
				MARKETING_VERSION = 1.0;
				PRODUCT_BUNDLE_IDENTIFIER = com.lightcam.app;
				PRODUCT_NAME = LightCam;
				SWIFT_EMIT_LOC_STRINGS = YES;
				SWIFT_VERSION = 5.0;
				TARGETED_DEVICE_FAMILY = 1;
			};
			name = Debug;
		};
		DA144506E50E4DE68701B73A /* Release */ = {
			isa = XCBuildConfiguration;
			buildSettings = {
				ASSETCATALOG_COMPILER_APPICON_NAME = AppIcon;
				CODE_SIGN_IDENTITY = "-";
				CODE_SIGN_STYLE = Manual;
				PROVISIONING_PROFILE_SPECIFIER = "";
				DEVELOPMENT_TEAM = "";
				CURRENT_PROJECT_VERSION = 1;
				INFOPLIST_FILE = LightCam/Info.plist;
				INFOPLIST_KEY_CFBundleDisplayName = "补光相机";
				INFOPLIST_KEY_NSCameraUsageDescription = "需要访问相机进行拍照";
				INFOPLIST_KEY_NSPhotoLibraryAddUsageDescription = "需要保存照片到您的相册";
				INFOPLIST_KEY_UIApplicationSceneManifest_Generation = YES;
				INFOPLIST_KEY_UIApplicationSupportsIndirectInputEvents = YES;
				INFOPLIST_KEY_UILaunchScreen_Generation = YES;
				INFOPLIST_KEY_UISupportedInterfaceOrientations = UIInterfaceOrientationPortrait;
				IPHONEOS_DEPLOYMENT_TARGET = 15.0;
				LD_RUNPATH_SEARCH_PATHS = (
					"$(inherited)",
					"@executable_path/Frameworks",
				);
				MARKETING_VERSION = 1.0;
				PRODUCT_BUNDLE_IDENTIFIER = com.lightcam.app;
				PRODUCT_NAME = LightCam;
				SWIFT_EMIT_LOC_STRINGS = YES;
				SWIFT_VERSION = 5.0;
				TARGETED_DEVICE_FAMILY = 1;
			};
			name = Release;
		};
/* End XCBuildConfiguration section */

/* Begin XCConfigurationList section */
		D7E6CDB33A4A483A8AA91DE2 /* Build configuration list for PBXProject "LightCam" */ = {
			isa = XCConfigurationList;
			buildConfigurations = (
				28CAEAFBA1334F8DB5392A5A /* Debug */,
				FD88B6CE176943E5B0F341EA /* Release */,
			);
			defaultConfigurationIsVisible = 0;
			defaultConfigurationName = Release;
		};
		8BCD84B6DF564E8CAE4A1615 /* Build configuration list for PBXNativeTarget "LightCam" */ = {
			isa = XCConfigurationList;
			buildConfigurations = (
				2470EB82FAE942DA8252EE3E /* Debug */,
				DA144506E50E4DE68701B73A /* Release */,
			);
			defaultConfigurationIsVisible = 0;
			defaultConfigurationName = Release;
		};
/* End XCConfigurationList section */

/* Begin XCRemoteSwiftPackageReference section */
		E50000000000000000000001 /* XCRemoteSwiftPackageReference "SimulatorCamera" */ = {
			isa = XCRemoteSwiftPackageReference;
			repositoryURL = "https://github.com/Akylas/SimulatorCamera.git";
			requirement = {
				kind = upToNextMajorVersion;
				minimumVersion = 1.0.0;
			};
		};
/* End XCRemoteSwiftPackageReference section */

/* Begin XCSwiftPackageProductDependency section */
		E50000000000000000000002 /* SimulatorCameraClient */ = {
			isa = XCSwiftPackageProductDependency;
			package = E50000000000000000000001;
			productName = SimulatorCameraClient;
		};
/* End XCSwiftPackageProductDependency section */
	};
	rootObject = D07B12360F6B449184BF28FB /* Project object */;
}
