// !$*UTF8*$!
{
	archiveVersion = 1;
	classes = {
	};
	objectVersion = 56;
	objects = {

/* Begin PBXBuildFile section */
		222C09D4256B45B092D8127C /* LightPreset.swift in Sources */ = {isa = PBXBuildFile; fileRef = C82BF28766CE4BC3BAE0D6B2 /* LightPreset.swift */; };
		297C5DF13355479B8CF0CC62 /* LightCamApp.swift in Sources */ = {isa = PBXBuildFile; fileRef = 4E66029ACA4E4BC8AE1F545D /* LightCamApp.swift */; };
		434F1BDBC6954081ABD5AA23 /* CameraManager.swift in Sources */ = {isa = PBXBuildFile; fileRef = FFE4F65746E840849D46EE5B /* CameraManager.swift */; };
		4C88126686C449A7A2F19F56 /* LocalizationManager.swift in Sources */ = {isa = PBXBuildFile; fileRef = 81B2F6A9F3EF4AA5B23B7011 /* LocalizationManager.swift */; };
		713CBD112BD3421AAC47AE7A /* Assets.xcassets in Resources */ = {isa = PBXBuildFile; fileRef = 59DB6A6579D6420BA4E75B4A /* Assets.xcassets */; };
		78348FF818034E3BB0DC11E8 /* ContentView.swift in Sources */ = {isa = PBXBuildFile; fileRef = 8001C4F8921A4DE79FD36876 /* ContentView.swift */; };
		7AA592752ACF41BB871124A0 /* ColorPresetEditor.swift in Sources */ = {isa = PBXBuildFile; fileRef = BBDFF486A66C4A519EF89B02 /* ColorPresetEditor.swift */; };
		EE9A58D7C9194B53A95BA3AC /* CameraPreview.swift in Sources */ = {isa = PBXBuildFile; fileRef = 1D41F2CEED884BE397BAFDE0 /* CameraPreview.swift */; };
		F03984479EE04302B83D0566 /* ShutterButtonStyle.swift in Sources */ = {isa = PBXBuildFile; fileRef = 60B20F172EAF496483298D1A /* ShutterButtonStyle.swift */; };
/* End PBXBuildFile section */

/* Begin PBXFileReference section */
		1D41F2CEED884BE397BAFDE0 /* CameraPreview.swift */ = {isa = PBXFileReference; lastKnownFileType = sourcecode.swift; path = CameraPreview.swift; sourceTree = "<group>"; };
		2133C26E16B448F7ACFEB23E /* LightCam.app */ = {isa = PBXFileReference; explicitFileType = wrapper.application; includeInIndex = 0; path = LightCam.app; sourceTree = BUILT_PRODUCTS_DIR; };
		4E66029ACA4E4BC8AE1F545D /* LightCamApp.swift */ = {isa = PBXFileReference; lastKnownFileType = sourcecode.swift; path = LightCamApp.swift; sourceTree = "<group>"; };
		59DB6A6579D6420BA4E75B4A /* Assets.xcassets */ = {isa = PBXFileReference; lastKnownFileType = folder.assetcatalog; path = Assets.xcassets; sourceTree = "<group>"; };
		5D5C7737763B4FF5928B3BEC /* Info.plist */ = {isa = PBXFileReference; lastKnownFileType = text.plist.xml; path = Info.plist; sourceTree = "<group>"; };
		60B20F172EAF496483298D1A /* ShutterButtonStyle.swift */ = {isa = PBXFileReference; lastKnownFileType = sourcecode.swift; path = ShutterButtonStyle.swift; sourceTree = "<group>"; };
		8001C4F8921A4DE79FD36876 /* ContentView.swift */ = {isa = PBXFileReference; lastKnownFileType = sourcecode.swift; path = ContentView.swift; sourceTree = "<group>"; };
		81B2F6A9F3EF4AA5B23B7011 /* LocalizationManager.swift */ = {isa = PBXFileReference; lastKnownFileType = sourcecode.swift; path = LocalizationManager.swift; sourceTree = "<group>"; };
		BBDFF486A66C4A519EF89B02 /* ColorPresetEditor.swift */ = {isa = PBXFileReference; lastKnownFileType = sourcecode.swift; path = ColorPresetEditor.swift; sourceTree = "<group>"; };
		C82BF28766CE4BC3BAE0D6B2 /* LightPreset.swift */ = {isa = PBXFileReference; lastKnownFileType = sourcecode.swift; path = LightPreset.swift; sourceTree = "<group>"; };
		FFE4F65746E840849D46EE5B /* CameraManager.swift */ = {isa = PBXFileReference; lastKnownFileType = sourcecode.swift; path = CameraManager.swift; sourceTree = "<group>"; };
/* End PBXFileReference section */

/* Begin PBXGroup section */
		3AED76B804164055A88995FF = {
			isa = PBXGroup;
			children = (
				54242A5DF8BA4959B60F9C5E /* LightCam */,
				48DE4F26A8984E9781CB2554 /* Products */,
			);
			sourceTree = "<group>";
		};
		48DE4F26A8984E9781CB2554 /* Products */ = {
			isa = PBXGroup;
			children = (
				2133C26E16B448F7ACFEB23E /* LightCam.app */,
			);
			name = Products;
			sourceTree = "<group>";
		};
		54242A5DF8BA4959B60F9C5E /* LightCam */ = {
			isa = PBXGroup;
			children = (
				4E66029ACA4E4BC8AE1F545D /* LightCamApp.swift */,
				8001C4F8921A4DE79FD36876 /* ContentView.swift */,
				FFE4F65746E840849D46EE5B /* CameraManager.swift */,
				1D41F2CEED884BE397BAFDE0 /* CameraPreview.swift */,
				C82BF28766CE4BC3BAE0D6B2 /* LightPreset.swift */,
				60B20F172EAF496483298D1A /* ShutterButtonStyle.swift */,
				BBDFF486A66C4A519EF89B02 /* ColorPresetEditor.swift */,
				81B2F6A9F3EF4AA5B23B7011 /* LocalizationManager.swift */,
				59DB6A6579D6420BA4E75B4A /* Assets.xcassets */,
				5D5C7737763B4FF5928B3BEC /* Info.plist */,
			);
			path = LightCam;
			sourceTree = "<group>";
		};
/* End PBXGroup section */

/* Begin PBXNativeTarget section */
		147E3D41300841CF97D1FAA7 /* LightCam */ = {
			isa = PBXNativeTarget;
			buildConfigurationList = 69E4742252734FA792C04A4B /* Build configuration list for PBXNativeTarget "LightCam" */;
			buildPhases = (
				7CFB81B5C7EF4DD7803277C6 /* Sources */,
				F35B0221F08648F29C351D03 /* Resources */,
			);
			buildRules = (
			);
			dependencies = (
			);
			name = LightCam;
			productName = LightCam;
			productReference = 2133C26E16B448F7ACFEB23E /* LightCam.app */;
			productType = "com.apple.product-type.application";
		};
/* End PBXNativeTarget section */

/* Begin PBXProject section */
		D2829CDF428145F6B8714218 /* Project object */ = {
			isa = PBXProject;
			attributes = {
				BuildIndependentTargetsInParallel = 1;
				LastSwiftUpdateCheck = 1500;
				LastUpgradeCheck = 1500;
				TargetAttributes = {
					147E3D41300841CF97D1FAA7 = {
						CreatedOnToolsVersion = 15.0;
					};
				};
			};
			buildConfigurationList = F64113E6BA71466AB582107E /* Build configuration list for PBXProject "LightCam" */;
			compatibilityVersion = "Xcode 14.0";
			developmentRegion = en;
			hasScannedForEncodings = 0;
			knownRegions = (
				en,
				Base,
			);
			mainGroup = 3AED76B804164055A88995FF;
			productRefGroup = 48DE4F26A8984E9781CB2554 /* Products */;
			projectDirPath = "";
			projectRoot = "";
			targets = (
				147E3D41300841CF97D1FAA7 /* LightCam */,
			);
		};
/* End PBXProject section */

/* Begin PBXResourcesBuildPhase section */
		F35B0221F08648F29C351D03 /* Resources */ = {
			isa = PBXResourcesBuildPhase;
			buildActionMask = 2147483647;
			files = (
				713CBD112BD3421AAC47AE7A /* Assets.xcassets in Resources */,
			);
			runOnlyForDeploymentPostprocessing = 0;
		};
/* End PBXResourcesBuildPhase section */

/* Begin PBXSourcesBuildPhase section */
		7CFB81B5C7EF4DD7803277C6 /* Sources */ = {
			isa = PBXSourcesBuildPhase;
			buildActionMask = 2147483647;
			files = (
				297C5DF13355479B8CF0CC62 /* LightCamApp.swift in Sources */,
				78348FF818034E3BB0DC11E8 /* ContentView.swift in Sources */,
				434F1BDBC6954081ABD5AA23 /* CameraManager.swift in Sources */,
				EE9A58D7C9194B53A95BA3AC /* CameraPreview.swift in Sources */,
				222C09D4256B45B092D8127C /* LightPreset.swift in Sources */,
				F03984479EE04302B83D0566 /* ShutterButtonStyle.swift in Sources */,
				7AA592752ACF41BB871124A0 /* ColorPresetEditor.swift in Sources */,
				4C88126686C449A7A2F19F56 /* LocalizationManager.swift in Sources */,
			);
			runOnlyForDeploymentPostprocessing = 0;
		};
/* End PBXSourcesBuildPhase section */

/* Begin XCBuildConfiguration section */
		61F6E00141FD4DD18720BE39 /* Debug */ = {
			isa = XCBuildConfiguration;
			buildSettings = {
				ALWAYS_SEARCH_USER_PATHS = NO;
				ASSETCATALOG_COMPILER_APPICON_NAME = AppIcon;
				ASSETCATALOG_COMPILER_GENERATE_SWIFT_ASSET_SYMBOL_EXTENSIONS = YES;
				CLANG_ANALYZER_NONNULL = YES;
				CLANG_CXX_LANGUAGE_STANDARD = "gnu++20";
				CLANG_ENABLE_MODULES = YES;
				CLANG_ENABLE_OBJC_ARC = YES;
				CODE_SIGN_STYLE = Automatic;
				COPY_PHASE_STRIP = NO;
				DEBUG_INFORMATION_FORMAT = dwarf;
				DEVELOPMENT_TEAM = JP628F7U55;
				ENABLE_STRICT_OBJC_MSGSEND = YES;
				ENABLE_TESTABILITY = YES;
				ENABLE_USER_SCRIPT_SANDBOXING = NO;
				GCC_DYNAMIC_NO_PIC = NO;
				GCC_OPTIMIZATION_LEVEL = 0;
				GCC_PREPROCESSOR_DEFINITIONS = (
					"DEBUG=1",
					"$(inherited)",
				);
				INFOPLIST_FILE = LightCam/Info.plist;
				IPHONEOS_DEPLOYMENT_TARGET = 16.0;
				MTL_ENABLE_DEBUG_INFO = INCLUDE_SOURCE;
				ONLY_ACTIVE_ARCH = YES;
				PRODUCT_BUNDLE_IDENTIFIER = com.jinyanghu.LightCam;
				PRODUCT_NAME = LightCam;
				SDKROOT = iphoneos;
				SWIFT_ACTIVE_COMPILATION_CONDITIONS = DEBUG;
				SWIFT_OPTIMIZATION_LEVEL = "-Onone";
				SWIFT_VERSION = 5.0;
				TARGETED_DEVICE_FAMILY = 1;
			};
			name = Debug;
		};
		C828759F844F4975B2C7E6D7 /* Release */ = {
			isa = XCBuildConfiguration;
			buildSettings = {
				ALWAYS_SEARCH_USER_PATHS = NO;
				ASSETCATALOG_COMPILER_APPICON_NAME = AppIcon;
				ASSETCATALOG_COMPILER_GENERATE_SWIFT_ASSET_SYMBOL_EXTENSIONS = YES;
				CLANG_ANALYZER_NONNULL = YES;
				CLANG_CXX_LANGUAGE_STANDARD = "gnu++20";
				CLANG_ENABLE_MODULES = YES;
				CLANG_ENABLE_OBJC_ARC = YES;
				CODE_SIGN_STYLE = Automatic;
				COPY_PHASE_STRIP = NO;
				DEBUG_INFORMATION_FORMAT = "dwarf-with-dsym";
				DEVELOPMENT_TEAM = JP628F7U55;
				ENABLE_NS_ASSERTIONS = NO;
				ENABLE_STRICT_OBJC_MSGSEND = YES;
				ENABLE_USER_SCRIPT_SANDBOXING = NO;
				GCC_OPTIMIZATION_LEVEL = s;
				INFOPLIST_FILE = LightCam/Info.plist;
				IPHONEOS_DEPLOYMENT_TARGET = 16.0;
				MTL_ENABLE_DEBUG_INFO = NO;
				PRODUCT_BUNDLE_IDENTIFIER = com.jinyanghu.LightCam;
				PRODUCT_NAME = LightCam;
				SDKROOT = iphoneos;
				SWIFT_COMPILATION_MODE = wholemodule;
				SWIFT_OPTIMIZATION_LEVEL = "-O";
				SWIFT_VERSION = 5.0;
				TARGETED_DEVICE_FAMILY = 1;
				VALIDATE_PRODUCT = YES;
			};
			name = Release;
		};
/* End XCBuildConfiguration section */

/* Begin XCConfigurationList section */
		69E4742252734FA792C04A4B /* Build configuration list for PBXNativeTarget "LightCam" */ = {
			isa = XCConfigurationList;
			buildConfigurations = (
				61F6E00141FD4DD18720BE39 /* Debug */,
				C828759F844F4975B2C7E6D7 /* Release */,
			);
			defaultConfigurationIsVisible = 0;
			defaultConfigurationName = Release;
		};
		F64113E6BA71466AB582107E /* Build configuration list for PBXProject "LightCam" */ = {
			isa = XCConfigurationList;
			buildConfigurations = (
				61F6E00141FD4DD18720BE39 /* Debug */,
				C828759F844F4975B2C7E6D7 /* Release */,
			);
			defaultConfigurationIsVisible = 0;
			defaultConfigurationName = Release;
		};
/* End XCConfigurationList section */
	};
	rootObject = D2829CDF428145F6B8714218 /* Project object */;
}
